
Microsoft Visual Studio Solution File, Format Version 12.00
# Visual Studio 15
VisualStudioVersion = 15.0.27703.2035
MinimumVisualStudioVersion = 10.0.40219.1
Project("{FAE04EC0-301F-11D3-BF4B-00C04F79EFBC}") = "testtravis", "testtravis\testtravis.csproj", "{F648CF9F-6A6F-4C4C-865D-2AB09A9A4A3B}"
EndProject
Project("{FAE04EC0-301F-11D3-BF4B-00C04F79EFBC}") = "testtravistests", "testtravistests\testtravistests.csproj", "{74EA41FE-DB73-4E88-8503-F4D798D068B9}"
EndProject
Global
	GlobalSection(SolutionConfigurationPlatforms) = preSolution
		Debug|Any CPU = Debug|Any CPU
		Release|Any CPU = Release|Any CPU
	EndGlobalSection
	GlobalSection(ProjectConfigurationPlatforms) = postSolution
		{F648CF9F-6A6F-4C4C-865D-2AB09A9A4A3B}.Debug|Any CPU.ActiveCfg = Debug|Any CPU
		{F648CF9F-6A6F-4C4C-865D-2AB09A9A4A3B}.Debug|Any CPU.Build.0 = Debug|Any CPU
		{F648CF9F-6A6F-4C4C-865D-2AB09A9A4A3B}.Release|Any CPU.ActiveCfg = Release|Any CPU
		{F648CF9F-6A6F-4C4C-865D-2AB09A9A4A3B}.Release|Any CPU.Build.0 = Release|Any CPU
		{74EA41FE-DB73-4E88-8503-F4D798D068B9}.Debug|Any CPU.ActiveCfg = Debug|Any CPU
		{74EA41FE-DB73-4E88-8503-F4D798D068B9}.Debug|Any CPU.Build.0 = Debug|Any CPU
		{74EA41FE-DB73-4E88-8503-F4D798D068B9}.Release|Any CPU.ActiveCfg = Release|Any CPU
		{74EA41FE-DB73-4E88-8503-F4D798D068B9}.Release|Any CPU.Build.0 = Release|Any CPU
	EndGlobalSection
	GlobalSection(SolutionProperties) = preSolution
		HideSolutionNode = FALSE
	EndGlobalSection
	GlobalSection(ExtensibilityGlobals) = postSolution
		SolutionGuid = {A7C096AF-EE8E-45CA-A04A-734CB540AAED}
	EndGlobalSection
EndGlobal
